<?xml version="1.0" encoding="utf-8"?>
<Project ToolsVersion="4.0" xmlns="http://schemas.microsoft.com/developer/msbuild/2003">
  <ItemGroup>
    <Filter Include="win32">
      <UniqueIdentifier>{84a8ebd7-7cf0-47f6-b75e-d441df67da40}</UniqueIdentifier>
    </Filter>
    <Filter Include="Classes">
      <UniqueIdentifier>{bb6c862e-70e9-49d9-81b7-3829a6f50471}</UniqueIdentifier>
    </Filter>
    <Filter Include="lib">
      <UniqueIdentifier>{3a6efffb-bd9b-40d8-bf1f-1b68220189fa}</UniqueIdentifier>
    </Filter>
    <Filter Include="lib\CocosWidget">
      <UniqueIdentifier>{d0eb4822-bfb8-4d92-9c82-7401a8fd68a8}</UniqueIdentifier>
    </Filter>
    <Filter Include="lib\CocosBase">
      <UniqueIdentifier>{94580937-363d-40d1-b644-824bf145ad46}</UniqueIdentifier>
    </Filter>
    <Filter Include="lib\tinyxml">
      <UniqueIdentifier>{c4a4fb3d-594f-4fd8-b1aa-a42b8f97cc93}</UniqueIdentifier>
    </Filter>
    <Filter Include="lib\tui">
      <UniqueIdentifier>{da841f95-45db-4f4e-905a-27e9fd0b3526}</UniqueIdentifier>
    </Filter>
    <Filter Include="lib\tui\utils">
      <UniqueIdentifier>{d9ddd618-3013-404d-b0ff-1f07d96c3ebc}</UniqueIdentifier>
    </Filter>
  </ItemGroup>
  <ItemGroup>
    <ClCompile Include="main.cpp">
      <Filter>win32</Filter>
    </ClCompile>
    <ClCompile Include="..\Classes\AppDelegate.cpp">
      <Filter>Classes</Filter>
    </ClCompile>
    <ClCompile Include="..\Classes\HelloWorldScene.cpp">
      <Filter>Classes</Filter>
    </ClCompile>
    <ClCompile Include="..\..\CocosBase\CCBundle.cpp">
      <Filter>lib\CocosBase</Filter>
    </ClCompile>
    <ClCompile Include="..\..\CocosBase\CCMsgDelegate.cpp">
      <Filter>lib\CocosBase</Filter>
    </ClCompile>
    <ClCompile Include="..\..\CocosBase\CCMsgManager.cpp">
      <Filter>lib\CocosBase</Filter>
    </ClCompile>
    <ClCompile Include="..\..\CocosBase\CCSceneExtension.cpp">
      <Filter>lib\CocosBase</Filter>
    </ClCompile>
    <ClCompile Include="..\..\CocosBase\CCSceneExTransition.cpp">
      <Filter>lib\CocosBase</Filter>
    </ClCompile>
    <ClCompile Include="..\..\CocosBase\CCSceneManager.cpp">
      <Filter>lib\CocosBase</Filter>
    </ClCompile>
    <ClCompile Include="..\..\CocosWidget\ArmatureBtn.cpp">
      <Filter>lib\CocosWidget</Filter>
    </ClCompile>
    <ClCompile Include="..\..\CocosWidget\Button.cpp">
      <Filter>lib\CocosWidget</Filter>
    </ClCompile>
    <ClCompile Include="..\..\CocosWidget\CheckBox.cpp">
      <Filter>lib\CocosWidget</Filter>
    </ClCompile>
    <ClCompile Include="..\..\CocosWidget\ColorView.cpp">
      <Filter>lib\CocosWidget</Filter>
    </ClCompile>
    <ClCompile Include="..\..\CocosWidget\ControlView.cpp">
      <Filter>lib\CocosWidget</Filter>
    </ClCompile>
    <ClCompile Include="..\..\CocosWidget\ExpandableListView.cpp">
      <Filter>lib\CocosWidget</Filter>
    </ClCompile>
    <ClCompile Include="..\..\CocosWidget\GradientView.cpp">
      <Filter>lib\CocosWidget</Filter>
    </ClCompile>
    <ClCompile Include="..\..\CocosWidget\GridPageView.cpp">
      <Filter>lib\CocosWidget</Filter>
    </ClCompile>
    <ClCompile Include="..\..\CocosWidget\GridView.cpp">
      <Filter>lib\CocosWidget</Filter>
    </ClCompile>
    <ClCompile Include="..\..\CocosWidget\ImageView.cpp">
      <Filter>lib\CocosWidget</Filter>
    </ClCompile>
    <ClCompile Include="..\..\CocosWidget\ImageViewScale9.cpp">
      <Filter>lib\CocosWidget</Filter>
    </ClCompile>
    <ClCompile Include="..\..\CocosWidget\Label.cpp">
      <Filter>lib\CocosWidget</Filter>
    </ClCompile>
    <ClCompile Include="..\..\CocosWidget\LabelAtlas.cpp">
      <Filter>lib\CocosWidget</Filter>
    </ClCompile>
    <ClCompile Include="..\..\CocosWidget\LabelBMFont.cpp">
      <Filter>lib\CocosWidget</Filter>
    </ClCompile>
    <ClCompile Include="..\..\CocosWidget\Layout.cpp">
      <Filter>lib\CocosWidget</Filter>
    </ClCompile>
    <ClCompile Include="..\..\CocosWidget\ListView.cpp">
      <Filter>lib\CocosWidget</Filter>
    </ClCompile>
    <ClCompile Include="..\..\CocosWidget\Lua_cocos2dx_widget.cpp">
      <Filter>lib\CocosWidget</Filter>
    </ClCompile>
    <ClCompile Include="..\..\CocosWidget\NumericStepper.cpp">
      <Filter>lib\CocosWidget</Filter>
    </ClCompile>
    <ClCompile Include="..\..\CocosWidget\PageView.cpp">
      <Filter>lib\CocosWidget</Filter>
    </ClCompile>
    <ClCompile Include="..\..\CocosWidget\ProgressBar.cpp">
      <Filter>lib\CocosWidget</Filter>
    </ClCompile>
    <ClCompile Include="..\..\CocosWidget\Scale9Sprite.cpp">
      <Filter>lib\CocosWidget</Filter>
    </ClCompile>
    <ClCompile Include="..\..\CocosWidget\ScrollView.cpp">
      <Filter>lib\CocosWidget</Filter>
    </ClCompile>
    <ClCompile Include="..\..\CocosWidget\Slider.cpp">
      <Filter>lib\CocosWidget</Filter>
    </ClCompile>
    <ClCompile Include="..\..\CocosWidget\TableView.cpp">
      <Filter>lib\CocosWidget</Filter>
    </ClCompile>
    <ClCompile Include="..\..\CocosWidget\TextArea.cpp">
      <Filter>lib\CocosWidget</Filter>
    </ClCompile>
    <ClCompile Include="..\..\CocosWidget\TextRich.cpp">
      <Filter>lib\CocosWidget</Filter>
    </ClCompile>
    <ClCompile Include="..\..\CocosWidget\ToggleView.cpp">
      <Filter>lib\CocosWidget</Filter>
    </ClCompile>
    <ClCompile Include="..\..\CocosWidget\Widget.cpp">
      <Filter>lib\CocosWidget</Filter>
    </ClCompile>
    <ClCompile Include="..\..\CocosWidget\WidgetProtocol.cpp">
      <Filter>lib\CocosWidget</Filter>
    </ClCompile>
    <ClCompile Include="..\..\CocosWidget\WidgetWindow.cpp">
      <Filter>lib\CocosWidget</Filter>
    </ClCompile>
    <ClCompile Include="..\..\CocosWidget\WitlsMacros.cpp">
      <Filter>lib\CocosWidget</Filter>
    </ClCompile>
    <ClCompile Include="..\..\tinyxml\tinystr.cpp">
      <Filter>lib\tinyxml</Filter>
    </ClCompile>
    <ClCompile Include="..\..\tinyxml\tinyxml.cpp">
      <Filter>lib\tinyxml</Filter>
    </ClCompile>
    <ClCompile Include="..\..\tinyxml\tinyxmlerror.cpp">
      <Filter>lib\tinyxml</Filter>
    </ClCompile>
    <ClCompile Include="..\..\tinyxml\tinyxmlparser.cpp">
      <Filter>lib\tinyxml</Filter>
    </ClCompile>
    <ClCompile Include="..\Classes\tui\TuiBase.cpp">
      <Filter>lib\tui</Filter>
    </ClCompile>
    <ClCompile Include="..\Classes\tui\TuiManager.cpp">
      <Filter>lib\tui</Filter>
    </ClCompile>
    <ClCompile Include="..\Classes\MyFirstTui.cpp">
      <Filter>Classes</Filter>
    </ClCompile>
    <ClCompile Include="..\Classes\MySecondTui.cpp">
      <Filter>Classes</Filter>
    </ClCompile>
    <ClCompile Include="..\..\CocosWidget\RelativeLayout.cpp">
      <Filter>lib\CocosWidget</Filter>
    </ClCompile>
    <ClCompile Include="..\Classes\tui\utils\AnimationUtil.cpp">
      <Filter>lib\tui\utils</Filter>
    </ClCompile>
    <ClCompile Include="..\Classes\tui\utils\CsvUtil.cpp">
      <Filter>lib\tui\utils</Filter>
    </ClCompile>
    <ClCompile Include="..\Classes\tui\utils\FileLoadUtil.cpp">
      <Filter>lib\tui\utils</Filter>
    </ClCompile>
    <ClCompile Include="..\Classes\tui\utils\StringUtil.cpp">
      <Filter>lib\tui\utils</Filter>
    </ClCompile>
    <ClCompile Include="..\Classes\MyThirdui.cpp">
      <Filter>Classes</Filter>
    </ClCompile>
  </ItemGroup>
  <ItemGroup>
    <ClInclude Include="main.h">
      <Filter>win32</Filter>
    </ClInclude>
    <ClInclude Include="..\Classes\AppDelegate.h">
      <Filter>Classes</Filter>
    </ClInclude>
    <ClInclude Include="..\Classes\HelloWorldScene.h">
      <Filter>Classes</Filter>
    </ClInclude>
    <ClInclude Include="..\..\CocosBase\CCBaseMacros.h">
      <Filter>lib\CocosBase</Filter>
    </ClInclude>
    <ClInclude Include="..\..\CocosBase\CCBundle.h">
      <Filter>lib\CocosBase</Filter>
    </ClInclude>
    <ClInclude Include="..\..\CocosBase\CCMsgDelegate.h">
      <Filter>lib\CocosBase</Filter>
    </ClInclude>
    <ClInclude Include="..\..\CocosBase\CCMsgManager.h">
      <Filter>lib\CocosBase</Filter>
    </ClInclude>
    <ClInclude Include="..\..\CocosBase\CCSceneExtension.h">
      <Filter>lib\CocosBase</Filter>
    </ClInclude>
    <ClInclude Include="..\..\CocosBase\CCSceneExTransition.h">
      <Filter>lib\CocosBase</Filter>
    </ClInclude>
    <ClInclude Include="..\..\CocosBase\CCSceneManager.h">
      <Filter>lib\CocosBase</Filter>
    </ClInclude>
    <ClInclude Include="..\..\CocosBase\cocos-base.h">
      <Filter>lib\CocosBase</Filter>
    </ClInclude>
    <ClInclude Include="..\..\CocosWidget\ArmatureBtn.h">
      <Filter>lib\CocosWidget</Filter>
    </ClInclude>
    <ClInclude Include="..\..\CocosWidget\Button.h">
      <Filter>lib\CocosWidget</Filter>
    </ClInclude>
    <ClInclude Include="..\..\CocosWidget\CheckBox.h">
      <Filter>lib\CocosWidget</Filter>
    </ClInclude>
    <ClInclude Include="..\..\CocosWidget\cocos-widget.h">
      <Filter>lib\CocosWidget</Filter>
    </ClInclude>
    <ClInclude Include="..\..\CocosWidget\ColorView.h">
      <Filter>lib\CocosWidget</Filter>
    </ClInclude>
    <ClInclude Include="..\..\CocosWidget\ControlView.h">
      <Filter>lib\CocosWidget</Filter>
    </ClInclude>
    <ClInclude Include="..\..\CocosWidget\ExpandableListView.h">
      <Filter>lib\CocosWidget</Filter>
    </ClInclude>
    <ClInclude Include="..\..\CocosWidget\GradientView.h">
      <Filter>lib\CocosWidget</Filter>
    </ClInclude>
    <ClInclude Include="..\..\CocosWidget\GridPageView.h">
      <Filter>lib\CocosWidget</Filter>
    </ClInclude>
    <ClInclude Include="..\..\CocosWidget\GridView.h">
      <Filter>lib\CocosWidget</Filter>
    </ClInclude>
    <ClInclude Include="..\..\CocosWidget\ImageView.h">
      <Filter>lib\CocosWidget</Filter>
    </ClInclude>
    <ClInclude Include="..\..\CocosWidget\ImageViewScale9.h">
      <Filter>lib\CocosWidget</Filter>
    </ClInclude>
    <ClInclude Include="..\..\CocosWidget\Label.h">
      <Filter>lib\CocosWidget</Filter>
    </ClInclude>
    <ClInclude Include="..\..\CocosWidget\LabelAtlas.h">
      <Filter>lib\CocosWidget</Filter>
    </ClInclude>
    <ClInclude Include="..\..\CocosWidget\LabelBMFont.h">
      <Filter>lib\CocosWidget</Filter>
    </ClInclude>
    <ClInclude Include="..\..\CocosWidget\Layout.h">
      <Filter>lib\CocosWidget</Filter>
    </ClInclude>
    <ClInclude Include="..\..\CocosWidget\ListView.h">
      <Filter>lib\CocosWidget</Filter>
    </ClInclude>
    <ClInclude Include="..\..\CocosWidget\Lua_cocos2dx_widget.h">
      <Filter>lib\CocosWidget</Filter>
    </ClInclude>
    <ClInclude Include="..\..\CocosWidget\NumericStepper.h">
      <Filter>lib\CocosWidget</Filter>
    </ClInclude>
    <ClInclude Include="..\..\CocosWidget\PageView.h">
      <Filter>lib\CocosWidget</Filter>
    </ClInclude>
    <ClInclude Include="..\..\CocosWidget\ProgressBar.h">
      <Filter>lib\CocosWidget</Filter>
    </ClInclude>
    <ClInclude Include="..\..\CocosWidget\Scale9Sprite.h">
      <Filter>lib\CocosWidget</Filter>
    </ClInclude>
    <ClInclude Include="..\..\CocosWidget\ScrollView.h">
      <Filter>lib\CocosWidget</Filter>
    </ClInclude>
    <ClInclude Include="..\..\CocosWidget\Slider.h">
      <Filter>lib\CocosWidget</Filter>
    </ClInclude>
    <ClInclude Include="..\..\CocosWidget\TableView.h">
      <Filter>lib\CocosWidget</Filter>
    </ClInclude>
    <ClInclude Include="..\..\CocosWidget\TextArea.h">
      <Filter>lib\CocosWidget</Filter>
    </ClInclude>
    <ClInclude Include="..\..\CocosWidget\TextRich.h">
      <Filter>lib\CocosWidget</Filter>
    </ClInclude>
    <ClInclude Include="..\..\CocosWidget\ToggleView.h">
      <Filter>lib\CocosWidget</Filter>
    </ClInclude>
    <ClInclude Include="..\..\CocosWidget\Widget.h">
      <Filter>lib\CocosWidget</Filter>
    </ClInclude>
    <ClInclude Include="..\..\CocosWidget\WidgetMacros.h">
      <Filter>lib\CocosWidget</Filter>
    </ClInclude>
    <ClInclude Include="..\..\CocosWidget\WidgetProtocol.h">
      <Filter>lib\CocosWidget</Filter>
    </ClInclude>
    <ClInclude Include="..\..\CocosWidget\WidgetWindow.h">
      <Filter>lib\CocosWidget</Filter>
    </ClInclude>
    <ClInclude Include="..\..\CocosWidget\WitlsMacros.h">
      <Filter>lib\CocosWidget</Filter>
    </ClInclude>
    <ClInclude Include="..\..\tinyxml\tinystr.h">
      <Filter>lib\tinyxml</Filter>
    </ClInclude>
    <ClInclude Include="..\..\tinyxml\tinyxml.h">
      <Filter>lib\tinyxml</Filter>
    </ClInclude>
    <ClInclude Include="..\Classes\tui\TuiBase.h">
      <Filter>lib\tui</Filter>
    </ClInclude>
    <ClInclude Include="..\Classes\tui\tuiconsts.h">
      <Filter>lib\tui</Filter>
    </ClInclude>
    <ClInclude Include="..\Classes\tui\TuiManager.h">
      <Filter>lib\tui</Filter>
    </ClInclude>
    <ClInclude Include="..\Classes\tui\tuiTagMap.h">
      <Filter>lib\tui</Filter>
    </ClInclude>
    <ClInclude Include="..\Classes\MyFirstTui.h">
      <Filter>Classes</Filter>
    </ClInclude>
    <ClInclude Include="..\Classes\MySecondTui.h">
      <Filter>Classes</Filter>
    </ClInclude>
    <ClInclude Include="..\..\CocosWidget\RelativeLayout.h">
      <Filter>lib\CocosWidget</Filter>
    </ClInclude>
    <ClInclude Include="..\Classes\tui\utils\AnimationUtil.h">
      <Filter>lib\tui\utils</Filter>
    </ClInclude>
    <ClInclude Include="..\Classes\tui\utils\CsvUtil.h">
      <Filter>lib\tui\utils</Filter>
    </ClInclude>
    <ClInclude Include="..\Classes\tui\utils\FileLoadUtil.h">
      <Filter>lib\tui\utils</Filter>
    </ClInclude>
    <ClInclude Include="..\Classes\tui\utils\StringUtil.h">
      <Filter>lib\tui\utils</Filter>
    </ClInclude>
    <ClInclude Include="..\Classes\MyThirdui.h">
      <Filter>Classes</Filter>
    </ClInclude>
  </ItemGroup>
</Project>